speakeasyVersion: 1.517.0
sources:
    Open Billing:
        sourceNamespace: open-billing
        sourceRevisionDigest: sha256:55cd0bc14fa229f4cd96a5621bb8f75e212f011d91783d4b315e657e51756cc0
        sourceBlobDigest: sha256:d99b0b34deaf86ae1c9047432291c38673f18ad21353b1261107ee21ff122c24
        tags:
            - latest
            - 1.0.0
targets:
    open-billing:
        source: Open Billing
        sourceNamespace: open-billing
        sourceRevisionDigest: sha256:55cd0bc14fa229f4cd96a5621bb8f75e212f011d91783d4b315e657e51756cc0
        sourceBlobDigest: sha256:d99b0b34deaf86ae1c9047432291c38673f18ad21353b1261107ee21ff122c24
        codeSamplesNamespace: open-billing-typescript-code-samples
        codeSamplesRevisionDigest: sha256:c5763946273abd88d700780fcd8d060eddab7165159eca8c562562a067fd7c59
workflow:
    workflowVersion: 1.0.0
    speakeasyVersion: latest
    sources:
        Open Billing:
            inputs:
                - location: https://api.tony.openbilling.org/doc
            overlays:
                - location: .speakeasy/speakeasy-modifications-overlay.yaml
            registry:
                location: registry.speakeasyapi.dev/jani-payments/billing/open-billing
    targets:
        open-billing:
            target: typescript
            source: Open Billing
            publish:
                npm:
                    token: $npm_token
            codeSamples:
                registry:
                    location: registry.speakeasyapi.dev/jani-payments/billing/open-billing-typescript-code-samples
                labelOverride:
                    fixedValue: Typescript (SDK)
                blocking: false
