speakeasyVersion: 1.514.1
sources:
    Open Billing:
        sourceNamespace: open-billing
        sourceRevisionDigest: sha256:fe888881e6ade40082815d5a215fcca49c1c17d8a04c6d761232eaa95009785a
        sourceBlobDigest: sha256:0e8bb566ca2c9592341c0b30f1e332ed9611891d044acd02b817c2fc3ee10965
        tags:
            - latest
            - speakeasy-sdk-regen-1741612052
            - 1.0.0
targets:
    open-billing:
        source: Open Billing
        sourceNamespace: open-billing
        sourceRevisionDigest: sha256:fe888881e6ade40082815d5a215fcca49c1c17d8a04c6d761232eaa95009785a
        sourceBlobDigest: sha256:0e8bb566ca2c9592341c0b30f1e332ed9611891d044acd02b817c2fc3ee10965
        codeSamplesNamespace: open-billing-typescript-code-samples
        codeSamplesRevisionDigest: sha256:37e80abfe634b5e97d9a2ac39ba1d071e158d332489b2e202f5a3023de350e4a
workflow:
    workflowVersion: 1.0.0
    speakeasyVersion: latest
    sources:
        Open Billing:
            inputs:
                - location: https://api.openbilling.org/doc
            overlays:
                - location: .speakeasy/speakeasy-modifications-overlay.yaml
            registry:
                location: registry.speakeasyapi.dev/jani-payments/billing/open-billing
    targets:
        open-billing:
            target: typescript
            source: Open Billing
            publish:
                npm:
                    token: $npm_token
            codeSamples:
                registry:
                    location: registry.speakeasyapi.dev/jani-payments/billing/open-billing-typescript-code-samples
                labelOverride:
                    fixedValue: Typescript (SDK)
                blocking: false
